
Microsoft Visual Studio Solution File, Format Version 12.00
# Visual Studio Version 16
VisualStudioVersion = 16.0.31702.278
MinimumVisualStudioVersion = 10.0.40219.1
Project("{FAE04EC0-301F-11D3-BF4B-00C04F79EFBC}") = "ApiCatalogoFilmes", "ApiCatalogoFilmes\ApiCatalogoFilmes.csproj", "{7079975A-44FE-4A20-9FA7-2733230D7BEC}"
EndProject
Global
	GlobalSection(SolutionConfigurationPlatforms) = preSolution
		Debug|Any CPU = Debug|Any CPU
		Release|Any CPU = Release|Any CPU
	EndGlobalSection
	GlobalSection(ProjectConfigurationPlatforms) = postSolution
		{7079975A-44FE-4A20-9FA7-2733230D7BEC}.Debug|Any CPU.ActiveCfg = Debug|Any CPU
		{7079975A-44FE-4A20-9FA7-2733230D7BEC}.Debug|Any CPU.Build.0 = Debug|Any CPU
		{7079975A-44FE-4A20-9FA7-2733230D7BEC}.Release|Any CPU.ActiveCfg = Release|Any CPU
		{7079975A-44FE-4A20-9FA7-2733230D7BEC}.Release|Any CPU.Build.0 = Release|Any CPU
	EndGlobalSection
	GlobalSection(SolutionProperties) = preSolution
		HideSolutionNode = FALSE
	EndGlobalSection
	GlobalSection(ExtensibilityGlobals) = postSolution
		SolutionGuid = {02A91C65-8A25-4935-985E-C8F14D4F8B50}
	EndGlobalSection
EndGlobal
